
Microsoft Visual Studio Solution File, Format Version 12.00
# Visual Studio Version 17
VisualStudioVersion = 17.6.33815.320
MinimumVisualStudioVersion = 10.0.40219.1
Project("{FAE04EC0-301F-11D3-BF4B-00C04F79EFBC}") = "TE2ModMenu", "TE2ModMenu.csproj", "{2FDEA99D-09E7-420A-8DE8-C40493CEC18C}"
EndProject
Global
	GlobalSection(SolutionConfigurationPlatforms) = preSolution
		Debug|Any CPU = Debug|Any CPU
		Release|Any CPU = Release|Any CPU
	EndGlobalSection
	GlobalSection(ProjectConfigurationPlatforms) = postSolution
		{2FDEA99D-09E7-420A-8DE8-C40493CEC18C}.Debug|Any CPU.ActiveCfg = Debug|Any CPU
		{2FDEA99D-09E7-420A-8DE8-C40493CEC18C}.Debug|Any CPU.Build.0 = Debug|Any CPU
		{2FDEA99D-09E7-420A-8DE8-C40493CEC18C}.Release|Any CPU.ActiveCfg = Release|Any CPU
		{2FDEA99D-09E7-420A-8DE8-C40493CEC18C}.Release|Any CPU.Build.0 = Release|Any CPU
	EndGlobalSection
	GlobalSection(SolutionProperties) = preSolution
		HideSolutionNode = FALSE
	EndGlobalSection
	GlobalSection(ExtensibilityGlobals) = postSolution
		SolutionGuid = {640660E3-41FA-4F4F-BDDD-4062098428C5}
	EndGlobalSection
EndGlobal
